
Microsoft Visual Studio Solution File, Format Version 12.00
# Visual Studio Version 17
VisualStudioVersion = 17.0.31903.59
MinimumVisualStudioVersion = 10.0.40219.1
Project("{888888A0-9F3D-457C-B088-3A5042F75D52}") = "GettingStartedDjango", "GettingStartedDjango.pyproj", "{6B0D90E2-EA80-420A-BF29-E705A7098C24}"
EndProject
Global
	GlobalSection(SolutionConfigurationPlatforms) = preSolution
		Debug|Any CPU = Debug|Any CPU
		Release|Any CPU = Release|Any CPU
	EndGlobalSection
	GlobalSection(ProjectConfigurationPlatforms) = postSolution
		{6B0D90E2-EA80-420A-BF29-E705A7098C24}.Debug|Any CPU.ActiveCfg = Debug|Any CPU
		{6B0D90E2-EA80-420A-BF29-E705A7098C24}.Release|Any CPU.ActiveCfg = Release|Any CPU
	EndGlobalSection
	GlobalSection(SolutionProperties) = preSolution
		HideSolutionNode = FALSE
	EndGlobalSection
	GlobalSection(ExtensibilityGlobals) = postSolution
		SolutionGuid = {0075A199-33E3-4CC8-B64A-CC4D72B2E0D9}
	EndGlobalSection
EndGlobal
